<?xml version="1.0" encoding="utf-8"?>
<Project ToolsVersion="4.0" xmlns="http://schemas.microsoft.com/developer/msbuild/2003">
  <ItemGroup>
    <Filter Include="Source Files">
      <UniqueIdentifier>{4FC737F1-C7A5-4376-A066-2A32D752A2FF}</UniqueIdentifier>
      <Extensions>cpp;c;cc;cxx;def;odl;idl;hpj;bat;asm;asmx</Extensions>
    </Filter>
    <Filter Include="Header Files">
      <UniqueIdentifier>{93995380-89BD-4b04-88EB-625FBE52EBFB}</UniqueIdentifier>
      <Extensions>h;hpp;hxx;hm;inl;inc;xsd</Extensions>
    </Filter>
    <Filter Include="Resource Files">
      <UniqueIdentifier>{67DA6AB6-F800-4c08-8B7A-83BB121AAD01}</UniqueIdentifier>
      <Extensions>rc;ico;cur;bmp;dlg;rc2;rct;bin;rgs;gif;jpg;jpeg;jpe;resx;tiff;tif;png;wav;mfcribbon-ms</Extensions>
    </Filter>
    <Filter Include="Header Files\Music">
      <UniqueIdentifier>{d0229296-435b-4518-a86a-2ba42381fcb1}</UniqueIdentifier>
    </Filter>
    <Filter Include="Source Files\Music">
      <UniqueIdentifier>{2be42f6f-3c37-4541-af83-439ba15ca80f}</UniqueIdentifier>
    </Filter>
    <Filter Include="Header Files\Visualizer">
      <UniqueIdentifier>{d42affca-3751-408d-ab33-73e07c1dace5}</UniqueIdentifier>
    </Filter>
    <Filter Include="Source Files\Visualizer">
      <UniqueIdentifier>{87ab7e03-0f3d-4b9b-a2f0-3daf0be2f744}</UniqueIdentifier>
    </Filter>
    <Filter Include="Header Files\GUI">
      <UniqueIdentifier>{e833a3dc-7952-411f-ac60-f0bfb0470866}</UniqueIdentifier>
    </Filter>
    <Filter Include="Source Files\GUI">
      <UniqueIdentifier>{9ee911b6-f6e0-4410-948f-3c395c413fdd}</UniqueIdentifier>
    </Filter>
    <Filter Include="Header Files\FileDialogs">
      <UniqueIdentifier>{64af019a-abf4-4408-be18-7597e60cbf29}</UniqueIdentifier>
    </Filter>
    <Filter Include="Source Files\FileDialogs">
      <UniqueIdentifier>{b3380167-7ab4-4339-984e-870f7dce9f0d}</UniqueIdentifier>
    </Filter>
  </ItemGroup>
  <ItemGroup>
    <ClCompile Include="main.cpp">
      <Filter>Source Files</Filter>
    </ClCompile>
    <ClCompile Include="FMODMusic.cpp">
      <Filter>Source Files\Music</Filter>
    </ClCompile>
    <ClCompile Include="BarVisualizer.cpp">
      <Filter>Source Files\Visualizer</Filter>
    </ClCompile>
    <ClCompile Include="RGBCirclesVisualizer.cpp">
      <Filter>Source Files\Visualizer</Filter>
    </ClCompile>
    <ClCompile Include="CircleBarVisualizer.cpp">
      <Filter>Source Files\Visualizer</Filter>
    </ClCompile>
    <ClCompile Include="CircleDotVisualizer.cpp">
      <Filter>Source Files\Visualizer</Filter>
    </ClCompile>
    <ClCompile Include="PieVisualizer.cpp">
      <Filter>Source Files\Visualizer</Filter>
    </ClCompile>
    <ClCompile Include="Button.cpp">
      <Filter>Source Files\GUI</Filter>
    </ClCompile>
    <ClCompile Include="RadioButton.cpp">
      <Filter>Source Files\GUI</Filter>
    </ClCompile>
    <ClCompile Include="Form.cpp">
      <Filter>Source Files\GUI</Filter>
    </ClCompile>
    <ClCompile Include="ChooseMenuForm.cpp">
      <Filter>Source Files\GUI</Filter>
    </ClCompile>
    <ClCompile Include="WindowsFileDialog.cpp">
      <Filter>Source Files\FileDialogs</Filter>
    </ClCompile>
    <ClCompile Include="InvertedCircleBarVisualizer.cpp">
      <Filter>Source Files\Visualizer</Filter>
    </ClCompile>
  </ItemGroup>
  <ItemGroup>
    <ClInclude Include="Music.h">
      <Filter>Header Files\Music</Filter>
    </ClInclude>
    <ClInclude Include="FMODMusic.h">
      <Filter>Header Files\Music</Filter>
    </ClInclude>
    <ClInclude Include="Visualizer.h">
      <Filter>Header Files\Visualizer</Filter>
    </ClInclude>
    <ClInclude Include="BarVisualizer.h">
      <Filter>Header Files\Visualizer</Filter>
    </ClInclude>
    <ClInclude Include="RGBCirclesVisualizer.h">
      <Filter>Header Files\Visualizer</Filter>
    </ClInclude>
    <ClInclude Include="CircleBarVisualizer.h">
      <Filter>Header Files\Visualizer</Filter>
    </ClInclude>
    <ClInclude Include="CircleDotVisualizer.h">
      <Filter>Header Files\Visualizer</Filter>
    </ClInclude>
    <ClInclude Include="PieVisualizer.h">
      <Filter>Header Files\Visualizer</Filter>
    </ClInclude>
    <ClInclude Include="Form.h">
      <Filter>Header Files\GUI</Filter>
    </ClInclude>
    <ClInclude Include="Button.h">
      <Filter>Header Files\GUI</Filter>
    </ClInclude>
    <ClInclude Include="Theme.h">
      <Filter>Header Files\GUI</Filter>
    </ClInclude>
    <ClInclude Include="RadioButton.h">
      <Filter>Header Files\GUI</Filter>
    </ClInclude>
    <ClInclude Include="ChooseMenuForm.h">
      <Filter>Header Files\GUI</Filter>
    </ClInclude>
    <ClInclude Include="Visualizers.h">
      <Filter>Header Files\Visualizer</Filter>
    </ClInclude>
    <ClInclude Include="FileDialog.h">
      <Filter>Header Files\FileDialogs</Filter>
    </ClInclude>
    <ClInclude Include="WindowsFileDialog.h">
      <Filter>Header Files\FileDialogs</Filter>
    </ClInclude>
    <ClInclude Include="InvertedCircleBarVisualizer.h">
      <Filter>Header Files\Visualizer</Filter>
    </ClInclude>
  </ItemGroup>
</Project>